
Microsoft Visual Studio Solution File, Format Version 12.00
# Visual Studio Version 17
VisualStudioVersion = 17.14.36616.10
MinimumVisualStudioVersion = 10.0.40219.1
Project("{FAE04EC0-301F-11D3-BF4B-00C04F79EFBC}") = "SoftPetWA", "SoftPetWA\SoftPetWA.csproj", "{8976B935-D347-4B83-A10E-932C4BA8CA89}"
EndProject
Project("{FAE04EC0-301F-11D3-BF4B-00C04F79EFBC}") = "SoftPetBusiness", "SoftPetBussiness\SoftPetBusiness.csproj", "{F4239F60-3BF9-4473-BC4D-A91470758981}"
EndProject
Project("{FAE04EC0-301F-11D3-BF4B-00C04F79EFBC}") = "SoftPetTest", "BoTest\SoftPetTest.csproj", "{E9089617-2008-4D8C-BE02-450B1354365F}"
EndProject
Global
	GlobalSection(SolutionConfigurationPlatforms) = preSolution
		Debug|Any CPU = Debug|Any CPU
		Release|Any CPU = Release|Any CPU
	EndGlobalSection
	GlobalSection(ProjectConfigurationPlatforms) = postSolution
		{8976B935-D347-4B83-A10E-932C4BA8CA89}.Debug|Any CPU.ActiveCfg = Debug|Any CPU
		{8976B935-D347-4B83-A10E-932C4BA8CA89}.Debug|Any CPU.Build.0 = Debug|Any CPU
		{8976B935-D347-4B83-A10E-932C4BA8CA89}.Release|Any CPU.ActiveCfg = Release|Any CPU
		{8976B935-D347-4B83-A10E-932C4BA8CA89}.Release|Any CPU.Build.0 = Release|Any CPU
		{F4239F60-3BF9-4473-BC4D-A91470758981}.Debug|Any CPU.ActiveCfg = Debug|Any CPU
		{F4239F60-3BF9-4473-BC4D-A91470758981}.Debug|Any CPU.Build.0 = Debug|Any CPU
		{F4239F60-3BF9-4473-BC4D-A91470758981}.Release|Any CPU.ActiveCfg = Release|Any CPU
		{F4239F60-3BF9-4473-BC4D-A91470758981}.Release|Any CPU.Build.0 = Release|Any CPU
		{E9089617-2008-4D8C-BE02-450B1354365F}.Debug|Any CPU.ActiveCfg = Debug|Any CPU
		{E9089617-2008-4D8C-BE02-450B1354365F}.Debug|Any CPU.Build.0 = Debug|Any CPU
		{E9089617-2008-4D8C-BE02-450B1354365F}.Release|Any CPU.ActiveCfg = Release|Any CPU
		{E9089617-2008-4D8C-BE02-450B1354365F}.Release|Any CPU.Build.0 = Release|Any CPU
	EndGlobalSection
	GlobalSection(SolutionProperties) = preSolution
		HideSolutionNode = FALSE
	EndGlobalSection
	GlobalSection(ExtensibilityGlobals) = postSolution
		SolutionGuid = {FB4658C0-C9A6-4526-ADC3-F252A15AA3DD}
	EndGlobalSection
EndGlobal
